
Microsoft Visual Studio Solution File, Format Version 12.00
# Visual Studio Version 17
VisualStudioVersion = 17.0.32014.148
MinimumVisualStudioVersion = 10.0.40219.1
Project("{FAE04EC0-301F-11D3-BF4B-00C04F79EFBC}") = "MadLoaderV3-WinForms", "MadLoaderV3-WinForms\MadLoaderV3-WinForms.csproj", "{027FBCC0-5830-4ADC-9AC9-0F39E4D252C6}"
EndProject
Global
	GlobalSection(SolutionConfigurationPlatforms) = preSolution
		Debug|Any CPU = Debug|Any CPU
		Release|Any CPU = Release|Any CPU
	EndGlobalSection
	GlobalSection(ProjectConfigurationPlatforms) = postSolution
		{027FBCC0-5830-4ADC-9AC9-0F39E4D252C6}.Debug|Any CPU.ActiveCfg = Debug|Any CPU
		{027FBCC0-5830-4ADC-9AC9-0F39E4D252C6}.Debug|Any CPU.Build.0 = Debug|Any CPU
		{027FBCC0-5830-4ADC-9AC9-0F39E4D252C6}.Release|Any CPU.ActiveCfg = Release|Any CPU
		{027FBCC0-5830-4ADC-9AC9-0F39E4D252C6}.Release|Any CPU.Build.0 = Release|Any CPU
	EndGlobalSection
	GlobalSection(SolutionProperties) = preSolution
		HideSolutionNode = FALSE
	EndGlobalSection
	GlobalSection(ExtensibilityGlobals) = postSolution
		SolutionGuid = {0D839436-B119-4799-8D6D-C0B0AC78DE28}
	EndGlobalSection
EndGlobal
